
Microsoft Visual Studio Solution File, Format Version 12.00
# Visual Studio 15
VisualStudioVersion = 15.0.28307.902
MinimumVisualStudioVersion = 10.0.40219.1
Project("{FAE04EC0-301F-11D3-BF4B-00C04F79EFBC}") = "TariffsCalculator", "TariffsCalculator\TariffsCalculator.csproj", "{34FA9C8E-603D-43A2-9F4E-6E286753BC5C}"
EndProject
Project("{FAE04EC0-301F-11D3-BF4B-00C04F79EFBC}") = "TariffServices.Data", "TariffServices.Data\TariffServices.Data.csproj", "{3DAB0445-9235-4151-8FF1-6086588AF8DE}"
EndProject
Global
	GlobalSection(SolutionConfigurationPlatforms) = preSolution
		Debug|Any CPU = Debug|Any CPU
		Release|Any CPU = Release|Any CPU
	EndGlobalSection
	GlobalSection(ProjectConfigurationPlatforms) = postSolution
		{34FA9C8E-603D-43A2-9F4E-6E286753BC5C}.Debug|Any CPU.ActiveCfg = Debug|Any CPU
		{34FA9C8E-603D-43A2-9F4E-6E286753BC5C}.Debug|Any CPU.Build.0 = Debug|Any CPU
		{34FA9C8E-603D-43A2-9F4E-6E286753BC5C}.Release|Any CPU.ActiveCfg = Release|Any CPU
		{34FA9C8E-603D-43A2-9F4E-6E286753BC5C}.Release|Any CPU.Build.0 = Release|Any CPU
		{3DAB0445-9235-4151-8FF1-6086588AF8DE}.Debug|Any CPU.ActiveCfg = Debug|Any CPU
		{3DAB0445-9235-4151-8FF1-6086588AF8DE}.Debug|Any CPU.Build.0 = Debug|Any CPU
		{3DAB0445-9235-4151-8FF1-6086588AF8DE}.Release|Any CPU.ActiveCfg = Release|Any CPU
		{3DAB0445-9235-4151-8FF1-6086588AF8DE}.Release|Any CPU.Build.0 = Release|Any CPU
	EndGlobalSection
	GlobalSection(SolutionProperties) = preSolution
		HideSolutionNode = FALSE
	EndGlobalSection
	GlobalSection(ExtensibilityGlobals) = postSolution
		SolutionGuid = {B395B948-431D-4F5B-9430-379FE3983D17}
	EndGlobalSection
EndGlobal
